// !$*UTF8*$!
{
	archiveVersion = 1;
	classes = {
	};
	objectVersion = 55;
	objects = {

/* Begin PBXBuildFile section */
		A444155A278B6FE500DED270 /* AppDelegate.swift in Sources */ = {isa = PBXBuildFile; fileRef = A4441559278B6FE500DED270 /* AppDelegate.swift */; };
		A444155C278B6FE500DED270 /* SceneDelegate.swift in Sources */ = {isa = PBXBuildFile; fileRef = A444155B278B6FE500DED270 /* SceneDelegate.swift */; };
		A444155E278B6FE500DED270 /* ViewController.swift in Sources */ = {isa = PBXBuildFile; fileRef = A444155D278B6FE500DED270 /* ViewController.swift */; };
		A4441561278B6FE500DED270 /* Main.storyboard in Resources */ = {isa = PBXBuildFile; fileRef = A444155F278B6FE500DED270 /* Main.storyboard */; };
		A4441563278B6FE600DED270 /* Assets.xcassets in Resources */ = {isa = PBXBuildFile; fileRef = A4441562278B6FE600DED270 /* Assets.xcassets */; };
		A4441566278B6FE600DED270 /* LaunchScreen.storyboard in Resources */ = {isa = PBXBuildFile; fileRef = A4441564278B6FE600DED270 /* LaunchScreen.storyboard */; };
		A4441573278CB96500DED270 /* CarListVC.swift in Sources */ = {isa = PBXBuildFile; fileRef = A4441572278CB96500DED270 /* CarListVC.swift */; };
		A4441579278CC8FC00DED270 /* CarListTableViewCell.swift in Sources */ = {isa = PBXBuildFile; fileRef = A4441578278CC8FC00DED270 /* CarListTableViewCell.swift */; };
		A444157D278CE9B900DED270 /* CarListFormater.swift in Sources */ = {isa = PBXBuildFile; fileRef = A444157C278CE9B900DED270 /* CarListFormater.swift */; };
		A444157F278CF6C600DED270 /* CarShop in Resources */ = {isa = PBXBuildFile; fileRef = A444157E278CF6C600DED270 /* CarShop */; };
		A444158D278CFE2500DED270 /* SelectedBrandVC.swift in Sources */ = {isa = PBXBuildFile; fileRef = A444158C278CFE2500DED270 /* SelectedBrandVC.swift */; };
/* End PBXBuildFile section */

/* Begin PBXFileReference section */
		A4441556278B6FE500DED270 /* CarShop.app */ = {isa = PBXFileReference; explicitFileType = wrapper.application; includeInIndex = 0; path = CarShop.app; sourceTree = BUILT_PRODUCTS_DIR; };
		A4441559278B6FE500DED270 /* AppDelegate.swift */ = {isa = PBXFileReference; lastKnownFileType = sourcecode.swift; path = AppDelegate.swift; sourceTree = "<group>"; };
		A444155B278B6FE500DED270 /* SceneDelegate.swift */ = {isa = PBXFileReference; lastKnownFileType = sourcecode.swift; path = SceneDelegate.swift; sourceTree = "<group>"; };
		A444155D278B6FE500DED270 /* ViewController.swift */ = {isa = PBXFileReference; lastKnownFileType = sourcecode.swift; path = ViewController.swift; sourceTree = "<group>"; };
		A4441560278B6FE500DED270 /* Base */ = {isa = PBXFileReference; lastKnownFileType = file.storyboard; name = Base; path = Base.lproj/Main.storyboard; sourceTree = "<group>"; };
		A4441562278B6FE600DED270 /* Assets.xcassets */ = {isa = PBXFileReference; lastKnownFileType = folder.assetcatalog; path = Assets.xcassets; sourceTree = "<group>"; };
		A4441565278B6FE600DED270 /* Base */ = {isa = PBXFileReference; lastKnownFileType = file.storyboard; name = Base; path = Base.lproj/LaunchScreen.storyboard; sourceTree = "<group>"; };
		A4441567278B6FE600DED270 /* Info.plist */ = {isa = PBXFileReference; lastKnownFileType = text.plist.xml; path = Info.plist; sourceTree = "<group>"; };
		A4441572278CB96500DED270 /* CarListVC.swift */ = {isa = PBXFileReference; lastKnownFileType = sourcecode.swift; path = CarListVC.swift; sourceTree = "<group>"; };
		A4441578278CC8FC00DED270 /* CarListTableViewCell.swift */ = {isa = PBXFileReference; lastKnownFileType = sourcecode.swift; path = CarListTableViewCell.swift; sourceTree = "<group>"; };
		A444157C278CE9B900DED270 /* CarListFormater.swift */ = {isa = PBXFileReference; lastKnownFileType = sourcecode.swift; path = CarListFormater.swift; sourceTree = "<group>"; };
		A444157E278CF6C600DED270 /* CarShop */ = {isa = PBXFileReference; lastKnownFileType = folder; path = CarShop; sourceTree = "<group>"; };
		A444158C278CFE2500DED270 /* SelectedBrandVC.swift */ = {isa = PBXFileReference; lastKnownFileType = sourcecode.swift; path = SelectedBrandVC.swift; sourceTree = "<group>"; };
/* End PBXFileReference section */

/* Begin PBXFrameworksBuildPhase section */
		A4441553278B6FE500DED270 /* Frameworks */ = {
			isa = PBXFrameworksBuildPhase;
			buildActionMask = 2147483647;
			files = (
			);
			runOnlyForDeploymentPostprocessing = 0;
		};
/* End PBXFrameworksBuildPhase section */

/* Begin PBXGroup section */
		A444154D278B6FE500DED270 = {
			isa = PBXGroup;
			children = (
				A444157E278CF6C600DED270 /* CarShop */,
				A4441558278B6FE500DED270 /* CarShop */,
				A4441557278B6FE500DED270 /* Products */,
			);
			sourceTree = "<group>";
		};
		A4441557278B6FE500DED270 /* Products */ = {
			isa = PBXGroup;
			children = (
				A4441556278B6FE500DED270 /* CarShop.app */,
			);
			name = Products;
			sourceTree = "<group>";
		};
		A4441558278B6FE500DED270 /* CarShop */ = {
			isa = PBXGroup;
			children = (
				A4441559278B6FE500DED270 /* AppDelegate.swift */,
				A444155B278B6FE500DED270 /* SceneDelegate.swift */,
				A4441587278CFD1800DED270 /* page3 */,
				A4441582278CF8A200DED270 /* page2 */,
				A444155D278B6FE500DED270 /* ViewController.swift */,
				A444155F278B6FE500DED270 /* Main.storyboard */,
				A4441562278B6FE600DED270 /* Assets.xcassets */,
				A4441564278B6FE600DED270 /* LaunchScreen.storyboard */,
				A4441567278B6FE600DED270 /* Info.plist */,
				A444157C278CE9B900DED270 /* CarListFormater.swift */,
			);
			path = CarShop;
			sourceTree = "<group>";
		};
		A4441582278CF8A200DED270 /* page2 */ = {
			isa = PBXGroup;
			children = (
				A4441578278CC8FC00DED270 /* CarListTableViewCell.swift */,
				A4441572278CB96500DED270 /* CarListVC.swift */,
			);
			path = page2;
			sourceTree = "<group>";
		};
		A4441587278CFD1800DED270 /* page3 */ = {
			isa = PBXGroup;
			children = (
				A444158C278CFE2500DED270 /* SelectedBrandVC.swift */,
			);
			path = page3;
			sourceTree = "<group>";
		};
/* End PBXGroup section */

/* Begin PBXNativeTarget section */
		A4441555278B6FE500DED270 /* CarShop */ = {
			isa = PBXNativeTarget;
			buildConfigurationList = A444156A278B6FE600DED270 /* Build configuration list for PBXNativeTarget "CarShop" */;
			buildPhases = (
				A4441552278B6FE500DED270 /* Sources */,
				A4441553278B6FE500DED270 /* Frameworks */,
				A4441554278B6FE500DED270 /* Resources */,
			);
			buildRules = (
			);
			dependencies = (
			);
			name = CarShop;
			productName = CarShop;
			productReference = A4441556278B6FE500DED270 /* CarShop.app */;
			productType = "com.apple.product-type.application";
		};
/* End PBXNativeTarget section */

/* Begin PBXProject section */
		A444154E278B6FE500DED270 /* Project object */ = {
			isa = PBXProject;
			attributes = {
				BuildIndependentTargetsInParallel = 1;
				LastSwiftUpdateCheck = 1310;
				LastUpgradeCheck = 1310;
				TargetAttributes = {
					A4441555278B6FE500DED270 = {
						CreatedOnToolsVersion = 13.1;
					};
				};
			};
			buildConfigurationList = A4441551278B6FE500DED270 /* Build configuration list for PBXProject "CarShop" */;
			compatibilityVersion = "Xcode 13.0";
			developmentRegion = en;
			hasScannedForEncodings = 0;
			knownRegions = (
				en,
				Base,
			);
			mainGroup = A444154D278B6FE500DED270;
			productRefGroup = A4441557278B6FE500DED270 /* Products */;
			projectDirPath = "";
			projectRoot = "";
			targets = (
				A4441555278B6FE500DED270 /* CarShop */,
			);
		};
/* End PBXProject section */

/* Begin PBXResourcesBuildPhase section */
		A4441554278B6FE500DED270 /* Resources */ = {
			isa = PBXResourcesBuildPhase;
			buildActionMask = 2147483647;
			files = (
				A4441566278B6FE600DED270 /* LaunchScreen.storyboard in Resources */,
				A4441563278B6FE600DED270 /* Assets.xcassets in Resources */,
				A4441561278B6FE500DED270 /* Main.storyboard in Resources */,
				A444157F278CF6C600DED270 /* CarShop in Resources */,
			);
			runOnlyForDeploymentPostprocessing = 0;
		};
/* End PBXResourcesBuildPhase section */

/* Begin PBXSourcesBuildPhase section */
		A4441552278B6FE500DED270 /* Sources */ = {
			isa = PBXSourcesBuildPhase;
			buildActionMask = 2147483647;
			files = (
				A444155E278B6FE500DED270 /* ViewController.swift in Sources */,
				A4441573278CB96500DED270 /* CarListVC.swift in Sources */,
				A444157D278CE9B900DED270 /* CarListFormater.swift in Sources */,
				A444155A278B6FE500DED270 /* AppDelegate.swift in Sources */,
				A444158D278CFE2500DED270 /* SelectedBrandVC.swift in Sources */,
				A4441579278CC8FC00DED270 /* CarListTableViewCell.swift in Sources */,
				A444155C278B6FE500DED270 /* SceneDelegate.swift in Sources */,
			);
			runOnlyForDeploymentPostprocessing = 0;
		};
/* End PBXSourcesBuildPhase section */

/* Begin PBXVariantGroup section */
		A444155F278B6FE500DED270 /* Main.storyboard */ = {
			isa = PBXVariantGroup;
			children = (
				A4441560278B6FE500DED270 /* Base */,
			);
			name = Main.storyboard;
			sourceTree = "<group>";
		};
		A4441564278B6FE600DED270 /* LaunchScreen.storyboard */ = {
			isa = PBXVariantGroup;
			children = (
				A4441565278B6FE600DED270 /* Base */,
			);
			name = LaunchScreen.storyboard;
			sourceTree = "<group>";
		};
/* End PBXVariantGroup section */

/* Begin XCBuildConfiguration section */
		A4441568278B6FE600DED270 /* Debug */ = {
			isa = XCBuildConfiguration;
			buildSettings = {
				ALWAYS_SEARCH_USER_PATHS = NO;
				CLANG_ANALYZER_NONNULL = YES;
				CLANG_ANALYZER_NUMBER_OBJECT_CONVERSION = YES_AGGRESSIVE;
				CLANG_CXX_LANGUAGE_STANDARD = "gnu++17";
				CLANG_CXX_LIBRARY = "libc++";
				CLANG_ENABLE_MODULES = YES;
				CLANG_ENABLE_OBJC_ARC = YES;
				CLANG_ENABLE_OBJC_WEAK = YES;
				CLANG_WARN_BLOCK_CAPTURE_AUTORELEASING = YES;
				CLANG_WARN_BOOL_CONVERSION = YES;
				CLANG_WARN_COMMA = YES;
				CLANG_WARN_CONSTANT_CONVERSION = YES;
				CLANG_WARN_DEPRECATED_OBJC_IMPLEMENTATIONS = YES;
				CLANG_WARN_DIRECT_OBJC_ISA_USAGE = YES_ERROR;
				CLANG_WARN_DOCUMENTATION_COMMENTS = YES;
				CLANG_WARN_EMPTY_BODY = YES;
				CLANG_WARN_ENUM_CONVERSION = YES;
				CLANG_WARN_INFINITE_RECURSION = YES;
				CLANG_WARN_INT_CONVERSION = YES;
				CLANG_WARN_NON_LITERAL_NULL_CONVERSION = YES;
				CLANG_WARN_OBJC_IMPLICIT_RETAIN_SELF = YES;
				CLANG_WARN_OBJC_LITERAL_CONVERSION = YES;
				CLANG_WARN_OBJC_ROOT_CLASS = YES_ERROR;
				CLANG_WARN_QUOTED_INCLUDE_IN_FRAMEWORK_HEADER = YES;
				CLANG_WARN_RANGE_LOOP_ANALYSIS = YES;
				CLANG_WARN_STRICT_PROTOTYPES = YES;
				CLANG_WARN_SUSPICIOUS_MOVE = YES;
				CLANG_WARN_UNGUARDED_AVAILABILITY = YES_AGGRESSIVE;
				CLANG_WARN_UNREACHABLE_CODE = YES;
				CLANG_WARN__DUPLICATE_METHOD_MATCH = YES;
				COPY_PHASE_STRIP = NO;
				DEBUG_INFORMATION_FORMAT = dwarf;
				ENABLE_STRICT_OBJC_MSGSEND = YES;
				ENABLE_TESTABILITY = YES;
				GCC_C_LANGUAGE_STANDARD = gnu11;
				GCC_DYNAMIC_NO_PIC = NO;
				GCC_NO_COMMON_BLOCKS = YES;
				GCC_OPTIMIZATION_LEVEL = 0;
				GCC_PREPROCESSOR_DEFINITIONS = (
					"DEBUG=1",
					"$(inherited)",
				);
				GCC_WARN_64_TO_32_BIT_CONVERSION = YES;
				GCC_WARN_ABOUT_RETURN_TYPE = YES_ERROR;
				GCC_WARN_UNDECLARED_SELECTOR = YES;
				GCC_WARN_UNINITIALIZED_AUTOS = YES_AGGRESSIVE;
				GCC_WARN_UNUSED_FUNCTION = YES;
				GCC_WARN_UNUSED_VARIABLE = YES;
				IPHONEOS_DEPLOYMENT_TARGET = 15.0;
				MTL_ENABLE_DEBUG_INFO = INCLUDE_SOURCE;
				MTL_FAST_MATH = YES;
				ONLY_ACTIVE_ARCH = YES;
				SDKROOT = iphoneos;
				SWIFT_ACTIVE_COMPILATION_CONDITIONS = DEBUG;
				SWIFT_OPTIMIZATION_LEVEL = "-Onone";
			};
			name = Debug;
		};
		A4441569278B6FE600DED270 /* Release */ = {
			isa = XCBuildConfiguration;
			buildSettings = {
				ALWAYS_SEARCH_USER_PATHS = NO;
				CLANG_ANALYZER_NONNULL = YES;
				CLANG_ANALYZER_NUMBER_OBJECT_CONVERSION = YES_AGGRESSIVE;
				CLANG_CXX_LANGUAGE_STANDARD = "gnu++17";
				CLANG_CXX_LIBRARY = "libc++";
				CLANG_ENABLE_MODULES = YES;
				CLANG_ENABLE_OBJC_ARC = YES;
				CLANG_ENABLE_OBJC_WEAK = YES;
				CLANG_WARN_BLOCK_CAPTURE_AUTORELEASING = YES;
				CLANG_WARN_BOOL_CONVERSION = YES;
				CLANG_WARN_COMMA = YES;
				CLANG_WARN_CONSTANT_CONVERSION = YES;
				CLANG_WARN_DEPRECATED_OBJC_IMPLEMENTATIONS = YES;
				CLANG_WARN_DIRECT_OBJC_ISA_USAGE = YES_ERROR;
				CLANG_WARN_DOCUMENTATION_COMMENTS = YES;
				CLANG_WARN_EMPTY_BODY = YES;
				CLANG_WARN_ENUM_CONVERSION = YES;
				CLANG_WARN_INFINITE_RECURSION = YES;
				CLANG_WARN_INT_CONVERSION = YES;
				CLANG_WARN_NON_LITERAL_NULL_CONVERSION = YES;
				CLANG_WARN_OBJC_IMPLICIT_RETAIN_SELF = YES;
				CLANG_WARN_OBJC_LITERAL_CONVERSION = YES;
				CLANG_WARN_OBJC_ROOT_CLASS = YES_ERROR;
				CLANG_WARN_QUOTED_INCLUDE_IN_FRAMEWORK_HEADER = YES;
				CLANG_WARN_RANGE_LOOP_ANALYSIS = YES;
				CLANG_WARN_STRICT_PROTOTYPES = YES;
				CLANG_WARN_SUSPICIOUS_MOVE = YES;
				CLANG_WARN_UNGUARDED_AVAILABILITY = YES_AGGRESSIVE;
				CLANG_WARN_UNREACHABLE_CODE = YES;
				CLANG_WARN__DUPLICATE_METHOD_MATCH = YES;
				COPY_PHASE_STRIP = NO;
				DEBUG_INFORMATION_FORMAT = "dwarf-with-dsym";
				ENABLE_NS_ASSERTIONS = NO;
				ENABLE_STRICT_OBJC_MSGSEND = YES;
				GCC_C_LANGUAGE_STANDARD = gnu11;
				GCC_NO_COMMON_BLOCKS = YES;
				GCC_WARN_64_TO_32_BIT_CONVERSION = YES;
				GCC_WARN_ABOUT_RETURN_TYPE = YES_ERROR;
				GCC_WARN_UNDECLARED_SELECTOR = YES;
				GCC_WARN_UNINITIALIZED_AUTOS = YES_AGGRESSIVE;
				GCC_WARN_UNUSED_FUNCTION = YES;
				GCC_WARN_UNUSED_VARIABLE = YES;
				IPHONEOS_DEPLOYMENT_TARGET = 15.0;
				MTL_ENABLE_DEBUG_INFO = NO;
				MTL_FAST_MATH = YES;
				SDKROOT = iphoneos;
				SWIFT_COMPILATION_MODE = wholemodule;
				SWIFT_OPTIMIZATION_LEVEL = "-O";
				VALIDATE_PRODUCT = YES;
			};
			name = Release;
		};
		A444156B278B6FE600DED270 /* Debug */ = {
			isa = XCBuildConfiguration;
			buildSettings = {
				ASSETCATALOG_COMPILER_APPICON_NAME = AppIcon;
				ASSETCATALOG_COMPILER_GLOBAL_ACCENT_COLOR_NAME = AccentColor;
				CODE_SIGN_STYLE = Automatic;
				CURRENT_PROJECT_VERSION = 1;
				DEVELOPMENT_TEAM = KS7K3C3LJR;
				GENERATE_INFOPLIST_FILE = YES;
				INFOPLIST_FILE = CarShop/Info.plist;
				INFOPLIST_KEY_UIApplicationSupportsIndirectInputEvents = YES;
				INFOPLIST_KEY_UILaunchStoryboardName = LaunchScreen;
				INFOPLIST_KEY_UIMainStoryboardFile = Main;
				INFOPLIST_KEY_UISupportedInterfaceOrientations_iPad = "UIInterfaceOrientationPortrait UIInterfaceOrientationPortraitUpsideDown UIInterfaceOrientationLandscapeLeft UIInterfaceOrientationLandscapeRight";
				INFOPLIST_KEY_UISupportedInterfaceOrientations_iPhone = "UIInterfaceOrientationPortrait UIInterfaceOrientationLandscapeLeft UIInterfaceOrientationLandscapeRight";
				LD_RUNPATH_SEARCH_PATHS = (
					"$(inherited)",
					"@executable_path/Frameworks",
				);
				MARKETING_VERSION = 1.0;
				PRODUCT_BUNDLE_IDENTIFIER = ge.SmartAcademy.CarShop;
				PRODUCT_NAME = "$(TARGET_NAME)";
				SWIFT_EMIT_LOC_STRINGS = YES;
				SWIFT_VERSION = 5.0;
				TARGETED_DEVICE_FAMILY = 1;
			};
			name = Debug;
		};
		A444156C278B6FE600DED270 /* Release */ = {
			isa = XCBuildConfiguration;
			buildSettings = {
				ASSETCATALOG_COMPILER_APPICON_NAME = AppIcon;
				ASSETCATALOG_COMPILER_GLOBAL_ACCENT_COLOR_NAME = AccentColor;
				CODE_SIGN_STYLE = Automatic;
				CURRENT_PROJECT_VERSION = 1;
				DEVELOPMENT_TEAM = KS7K3C3LJR;
				GENERATE_INFOPLIST_FILE = YES;
				INFOPLIST_FILE = CarShop/Info.plist;
				INFOPLIST_KEY_UIApplicationSupportsIndirectInputEvents = YES;
				INFOPLIST_KEY_UILaunchStoryboardName = LaunchScreen;
				INFOPLIST_KEY_UIMainStoryboardFile = Main;
				INFOPLIST_KEY_UISupportedInterfaceOrientations_iPad = "UIInterfaceOrientationPortrait UIInterfaceOrientationPortraitUpsideDown UIInterfaceOrientationLandscapeLeft UIInterfaceOrientationLandscapeRight";
				INFOPLIST_KEY_UISupportedInterfaceOrientations_iPhone = "UIInterfaceOrientationPortrait UIInterfaceOrientationLandscapeLeft UIInterfaceOrientationLandscapeRight";
				LD_RUNPATH_SEARCH_PATHS = (
					"$(inherited)",
					"@executable_path/Frameworks",
				);
				MARKETING_VERSION = 1.0;
				PRODUCT_BUNDLE_IDENTIFIER = ge.SmartAcademy.CarShop;
				PRODUCT_NAME = "$(TARGET_NAME)";
				SWIFT_EMIT_LOC_STRINGS = YES;
				SWIFT_VERSION = 5.0;
				TARGETED_DEVICE_FAMILY = 1;
			};
			name = Release;
		};
/* End XCBuildConfiguration section */

/* Begin XCConfigurationList section */
		A4441551278B6FE500DED270 /* Build configuration list for PBXProject "CarShop" */ = {
			isa = XCConfigurationList;
			buildConfigurations = (
				A4441568278B6FE600DED270 /* Debug */,
				A4441569278B6FE600DED270 /* Release */,
			);
			defaultConfigurationIsVisible = 0;
			defaultConfigurationName = Release;
		};
		A444156A278B6FE600DED270 /* Build configuration list for PBXNativeTarget "CarShop" */ = {
			isa = XCConfigurationList;
			buildConfigurations = (
				A444156B278B6FE600DED270 /* Debug */,
				A444156C278B6FE600DED270 /* Release */,
			);
			defaultConfigurationIsVisible = 0;
			defaultConfigurationName = Release;
		};
/* End XCConfigurationList section */
	};
	rootObject = A444154E278B6FE500DED270 /* Project object */;
}
